
Microsoft Visual Studio Solution File, Format Version 12.00
# Visual Studio Version 16
VisualStudioVersion = 16.0.34931.43
MinimumVisualStudioVersion = 10.0.40219.1
Project("{FAE04EC0-301F-11D3-BF4B-00C04F79EFBC}") = "BSODCauser98", "BSODCauser98\BSODCauser98.csproj", "{355D55D3-198A-43EE-8054-575B4E1378BD}"
EndProject
Global
	GlobalSection(SolutionConfigurationPlatforms) = preSolution
		Debug|Any CPU = Debug|Any CPU
		Release|Any CPU = Release|Any CPU
	EndGlobalSection
	GlobalSection(ProjectConfigurationPlatforms) = postSolution
		{355D55D3-198A-43EE-8054-575B4E1378BD}.Debug|Any CPU.ActiveCfg = Debug|Any CPU
		{355D55D3-198A-43EE-8054-575B4E1378BD}.Debug|Any CPU.Build.0 = Debug|Any CPU
		{355D55D3-198A-43EE-8054-575B4E1378BD}.Release|Any CPU.ActiveCfg = Release|Any CPU
		{355D55D3-198A-43EE-8054-575B4E1378BD}.Release|Any CPU.Build.0 = Release|Any CPU
	EndGlobalSection
	GlobalSection(SolutionProperties) = preSolution
		HideSolutionNode = FALSE
	EndGlobalSection
	GlobalSection(ExtensibilityGlobals) = postSolution
		SolutionGuid = {73306FB1-A7D8-4F3D-A196-578B44C0F814}
	EndGlobalSection
EndGlobal
